{
  "name": "@enfantterrible-ar/design-tokens",
  "version": "1.0.0",
  "lockfileVersion": 3,
  "requires": true,
  "packages": {
    "": {
      "name": "@enfantterrible-ar/design-tokens",
      "version": "1.0.0",
      "devDependencies": {
        "@pwrs/asimonim": "^0.2.1"
      }
    },
    "node_modules/@pwrs/asimonim": {
      "version": "0.2.1",
      "resolved": "https://registry.npmjs.org/@pwrs/asimonim/-/asimonim-0.2.1.tgz",
      "integrity": "sha512-l6/zPbDvdrGQbQIfXwyt9b/TAZmQPdZw6gQNbFqzhAEID8M9MEkkyR8xjGSCCe13zIk1WuqqT10CabZFUMvMtg==",
      "dev": true,
      "hasInstallScript": true,
      "bin": {
        "asimonim": "bin/asimonim.js"
      },
      "engines": {
        "node": ">=22.0.0"
      },
      "optionalDependencies": {
        "@pwrs/asimonim-darwin-arm64": "0.2.1",
        "@pwrs/asimonim-darwin-x64": "0.2.1",
        "@pwrs/asimonim-linux-arm64": "0.2.1",
        "@pwrs/asimonim-linux-x64": "0.2.1",
        "@pwrs/asimonim-win32-arm64": "0.2.1",
        "@pwrs/asimonim-win32-x64": "0.2.1"
      }
    },
    "node_modules/@pwrs/asimonim-darwin-arm64": {
      "version": "0.2.1",
      "resolved": "https://registry.npmjs.org/@pwrs/asimonim-darwin-arm64/-/asimonim-darwin-arm64-0.2.1.tgz",
      "integrity": "sha512-RGOv3OJjdVH8hTxhACdasdacHoNjfEGxVfFzYiwHMSYop1Apn6dDTdKh4eLtl75r5eTuhb28mxjVUXBRIjWvJw==",
      "cpu": [
        "arm64"
      ],
      "dev": true,
      "license": "GPL-3.0",
      "optional": true,
      "os": [
        "darwin"
      ]
    },
    "node_modules/@pwrs/asimonim-darwin-x64": {
      "version": "0.2.1",
      "resolved": "https://registry.npmjs.org/@pwrs/asimonim-darwin-x64/-/asimonim-darwin-x64-0.2.1.tgz",
      "integrity": "sha512-hWHYYh8mtHLq7JkTip7v6YWSZx6R/2sgRzorQxV8E3PEp0bPOckt8tCsu6Oig5VAgQ/pd+IUSQCuRuu0WMAQMQ==",
      "cpu": [
        "x64"
      ],
      "dev": true,
      "license": "GPL-3.0",
      "optional": true,
      "os": [
        "darwin"
      ]
    },
    "node_modules/@pwrs/asimonim-linux-arm64": {
      "version": "0.2.1",
      "resolved": "https://registry.npmjs.org/@pwrs/asimonim-linux-arm64/-/asimonim-linux-arm64-0.2.1.tgz",
      "integrity": "sha512-d0N7RilzXwc2yl1qJjjIwfzak6jMN6HpmpTZwyGydoSviygtWCKlnu1jesWQrmfDQB+/vFa/Bf04iEgsGSjRug==",
      "cpu": [
        "arm64"
      ],
      "dev": true,
      "license": "GPL-3.0",
      "optional": true,
      "os": [
        "linux"
      ]
    },
    "node_modules/@pwrs/asimonim-linux-x64": {
      "version": "0.2.1",
      "resolved": "https://registry.npmjs.org/@pwrs/asimonim-linux-x64/-/asimonim-linux-x64-0.2.1.tgz",
      "integrity": "sha512-gFNDYV2Oah5J0dzSab6CYpePfuSPKMhaXrVhKEv24jAPjIFcmDBfO7tDwbbgrO1Qyj8+ovzAgmpD9b4yg5Ilxw==",
      "cpu": [
        "x64"
      ],
      "dev": true,
      "license": "GPL-3.0",
      "optional": true,
      "os": [
        "linux"
      ]
    },
    "node_modules/@pwrs/asimonim-win32-arm64": {
      "version": "0.2.1",
      "resolved": "https://registry.npmjs.org/@pwrs/asimonim-win32-arm64/-/asimonim-win32-arm64-0.2.1.tgz",
      "integrity": "sha512-gMg3RWJAcHK8QnT5NOU+1IzfzXOVaeLdrTpn1LA9dhxmTQNxiHDDM+CpASqGZC8rH2eMFnglX8UOJVmVlpFa5Q==",
      "cpu": [
        "arm64"
      ],
      "dev": true,
      "license": "GPL-3.0",
      "optional": true,
      "os": [
        "win32"
      ]
    },
    "node_modules/@pwrs/asimonim-win32-x64": {
      "version": "0.2.1",
      "resolved": "https://registry.npmjs.org/@pwrs/asimonim-win32-x64/-/asimonim-win32-x64-0.2.1.tgz",
      "integrity": "sha512-vENvgXLjNIZeDq6Ju41FvsTHVxAH9ou+tWoE1yTQkEQUeN9yoXdI0Mf2Vut8Q2hPpcpIyc3IrNLrTID2bp7FyA==",
      "cpu": [
        "x64"
      ],
      "dev": true,
      "license": "GPL-3.0",
      "optional": true,
      "os": [
        "win32"
      ]
    }
  }
}
